
Microsoft Visual Studio Solution File, Format Version 12.00
# Visual Studio Version 17
VisualStudioVersion = 17.13.35913.81
MinimumVisualStudioVersion = 10.0.40219.1
Project("{FAE04EC0-301F-11D3-BF4B-00C04F79EFBC}") = "Infrastructure", "Infrastructure\Infrastructure.csproj", "{61CA6391-932B-4817-86A6-5E9B17322773}"
EndProject
Project("{FAE04EC0-301F-11D3-BF4B-00C04F79EFBC}") = "Application", "Application\Application.csproj", "{903DFAAD-0365-480C-826F-FD3F6DDDA7AF}"
EndProject
Project("{FAE04EC0-301F-11D3-BF4B-00C04F79EFBC}") = "Domain", "Domain\Domain.csproj", "{F1A587B3-D8FA-4AAD-9C95-1A09A31CF9E5}"
EndProject
Project("{FAE04EC0-301F-11D3-BF4B-00C04F79EFBC}") = "API", "API\API.csproj", "{9DAB9FC3-B22D-4ABE-8FF2-2DB7C3E21DCB}"
EndProject
Project("{FAE04EC0-301F-11D3-BF4B-00C04F79EFBC}") = "Common", "Common\Common.csproj", "{B7C7334F-17CB-47D1-BD2C-A702C40FC296}"
EndProject
Global
	GlobalSection(SolutionConfigurationPlatforms) = preSolution
		Debug|Any CPU = Debug|Any CPU
		Release|Any CPU = Release|Any CPU
	EndGlobalSection
	GlobalSection(ProjectConfigurationPlatforms) = postSolution
		{61CA6391-932B-4817-86A6-5E9B17322773}.Debug|Any CPU.ActiveCfg = Debug|Any CPU
		{61CA6391-932B-4817-86A6-5E9B17322773}.Debug|Any CPU.Build.0 = Debug|Any CPU
		{61CA6391-932B-4817-86A6-5E9B17322773}.Release|Any CPU.ActiveCfg = Release|Any CPU
		{61CA6391-932B-4817-86A6-5E9B17322773}.Release|Any CPU.Build.0 = Release|Any CPU
		{903DFAAD-0365-480C-826F-FD3F6DDDA7AF}.Debug|Any CPU.ActiveCfg = Debug|Any CPU
		{903DFAAD-0365-480C-826F-FD3F6DDDA7AF}.Debug|Any CPU.Build.0 = Debug|Any CPU
		{903DFAAD-0365-480C-826F-FD3F6DDDA7AF}.Release|Any CPU.ActiveCfg = Release|Any CPU
		{903DFAAD-0365-480C-826F-FD3F6DDDA7AF}.Release|Any CPU.Build.0 = Release|Any CPU
		{F1A587B3-D8FA-4AAD-9C95-1A09A31CF9E5}.Debug|Any CPU.ActiveCfg = Debug|Any CPU
		{F1A587B3-D8FA-4AAD-9C95-1A09A31CF9E5}.Debug|Any CPU.Build.0 = Debug|Any CPU
		{F1A587B3-D8FA-4AAD-9C95-1A09A31CF9E5}.Release|Any CPU.ActiveCfg = Release|Any CPU
		{F1A587B3-D8FA-4AAD-9C95-1A09A31CF9E5}.Release|Any CPU.Build.0 = Release|Any CPU
		{9DAB9FC3-B22D-4ABE-8FF2-2DB7C3E21DCB}.Debug|Any CPU.ActiveCfg = Debug|Any CPU
		{9DAB9FC3-B22D-4ABE-8FF2-2DB7C3E21DCB}.Debug|Any CPU.Build.0 = Debug|Any CPU
		{9DAB9FC3-B22D-4ABE-8FF2-2DB7C3E21DCB}.Release|Any CPU.ActiveCfg = Release|Any CPU
		{9DAB9FC3-B22D-4ABE-8FF2-2DB7C3E21DCB}.Release|Any CPU.Build.0 = Release|Any CPU
		{B7C7334F-17CB-47D1-BD2C-A702C40FC296}.Debug|Any CPU.ActiveCfg = Debug|Any CPU
		{B7C7334F-17CB-47D1-BD2C-A702C40FC296}.Debug|Any CPU.Build.0 = Debug|Any CPU
		{B7C7334F-17CB-47D1-BD2C-A702C40FC296}.Release|Any CPU.ActiveCfg = Release|Any CPU
		{B7C7334F-17CB-47D1-BD2C-A702C40FC296}.Release|Any CPU.Build.0 = Release|Any CPU
	EndGlobalSection
	GlobalSection(SolutionProperties) = preSolution
		HideSolutionNode = FALSE
	EndGlobalSection
	GlobalSection(ExtensibilityGlobals) = postSolution
		SolutionGuid = {4DD96C1F-B737-4026-A2C7-03C2D7A21E2B}
	EndGlobalSection
EndGlobal
