
Microsoft Visual Studio Solution File, Format Version 12.00
# Visual Studio Version 17
VisualStudioVersion = 17.13.35913.81 d17.13
MinimumVisualStudioVersion = 10.0.40219.1
Project("{FAE04EC0-301F-11D3-BF4B-00C04F79EFBC}") = "API", "API\API.csproj", "{FDC17397-881D-4577-B3BF-9EA02067CEF2}"
EndProject
Global
	GlobalSection(SolutionConfigurationPlatforms) = preSolution
		Debug|Any CPU = Debug|Any CPU
		Release|Any CPU = Release|Any CPU
	EndGlobalSection
	GlobalSection(ProjectConfigurationPlatforms) = postSolution
		{FDC17397-881D-4577-B3BF-9EA02067CEF2}.Debug|Any CPU.ActiveCfg = Debug|Any CPU
		{FDC17397-881D-4577-B3BF-9EA02067CEF2}.Debug|Any CPU.Build.0 = Debug|Any CPU
		{FDC17397-881D-4577-B3BF-9EA02067CEF2}.Release|Any CPU.ActiveCfg = Release|Any CPU
		{FDC17397-881D-4577-B3BF-9EA02067CEF2}.Release|Any CPU.Build.0 = Release|Any CPU
	EndGlobalSection
	GlobalSection(SolutionProperties) = preSolution
		HideSolutionNode = FALSE
	EndGlobalSection
	GlobalSection(ExtensibilityGlobals) = postSolution
		SolutionGuid = {763264E9-C823-41C1-934E-F67D46731F6E}
	EndGlobalSection
EndGlobal
